
Microsoft Visual Studio Solution File, Format Version 12.00
# Visual Studio Version 17
VisualStudioVersion = 17.5.2.0
MinimumVisualStudioVersion = 10.0.40219.1
Project("{2150E333-8FDC-42A3-9474-1A3956D46DE8}") = "src", "src", "{827E0CD3-B72D-47B6-A68D-7590B98EB39B}"
EndProject
Project("{2150E333-8FDC-42A3-9474-1A3956D46DE8}") = "apps", "apps", "{AD2A5A3B-A595-3E96-334A-002D08FE630C}"
EndProject
Project("{2150E333-8FDC-42A3-9474-1A3956D46DE8}") = "frontend-blazor", "frontend-blazor", "{2189A498-617C-33C0-D940-5BEDBCEE5B6F}"
EndProject
Project("{FAE04EC0-301F-11D3-BF4B-00C04F79EFBC}") = "BlazorMigration", "src\apps\frontend-blazor\BlazorMigration.csproj", "{7A3ED495-C7CE-4299-B36D-7BD3218A90E5}"
EndProject
Project("{2150E333-8FDC-42A3-9474-1A3956D46DE8}") = "api-aspnet", "api-aspnet", "{06DD6DD3-CE23-A44D-009A-A080EDA26B3F}"
EndProject
Project("{FAE04EC0-301F-11D3-BF4B-00C04F79EFBC}") = "Appd.Api", "src\apps\api-aspnet\Appd.Api.csproj", "{C6A78017-2CA3-411E-8635-4350A37E4909}"
EndProject
Project("{2150E333-8FDC-42A3-9474-1A3956D46DE8}") = "infrastructure", "infrastructure", "{9048EB7F-3875-A59E-E36B-5BD4C6F2A282}"
EndProject
Project("{2150E333-8FDC-42A3-9474-1A3956D46DE8}") = "data-mongodb", "data-mongodb", "{3084031A-B2B8-0E16-F1A5-96C650FD4657}"
EndProject
Project("{FAE04EC0-301F-11D3-BF4B-00C04F79EFBC}") = "Appd.Infrastructure.MongoDb", "src\infrastructure\data-mongodb\Appd.Infrastructure.MongoDb.csproj", "{7E37B3B1-81C4-4716-B202-C7B385308A95}"
EndProject
Global
	GlobalSection(SolutionConfigurationPlatforms) = preSolution
		Debug|Any CPU = Debug|Any CPU
		Debug|x64 = Debug|x64
		Debug|x86 = Debug|x86
		Release|Any CPU = Release|Any CPU
		Release|x64 = Release|x64
		Release|x86 = Release|x86
	EndGlobalSection
	GlobalSection(ProjectConfigurationPlatforms) = postSolution
		{7A3ED495-C7CE-4299-B36D-7BD3218A90E5}.Debug|Any CPU.ActiveCfg = Debug|Any CPU
		{7A3ED495-C7CE-4299-B36D-7BD3218A90E5}.Debug|Any CPU.Build.0 = Debug|Any CPU
		{7A3ED495-C7CE-4299-B36D-7BD3218A90E5}.Debug|x64.ActiveCfg = Debug|Any CPU
		{7A3ED495-C7CE-4299-B36D-7BD3218A90E5}.Debug|x64.Build.0 = Debug|Any CPU
		{7A3ED495-C7CE-4299-B36D-7BD3218A90E5}.Debug|x86.ActiveCfg = Debug|Any CPU
		{7A3ED495-C7CE-4299-B36D-7BD3218A90E5}.Debug|x86.Build.0 = Debug|Any CPU
		{7A3ED495-C7CE-4299-B36D-7BD3218A90E5}.Release|Any CPU.ActiveCfg = Release|Any CPU
		{7A3ED495-C7CE-4299-B36D-7BD3218A90E5}.Release|Any CPU.Build.0 = Release|Any CPU
		{7A3ED495-C7CE-4299-B36D-7BD3218A90E5}.Release|x64.ActiveCfg = Release|Any CPU
		{7A3ED495-C7CE-4299-B36D-7BD3218A90E5}.Release|x64.Build.0 = Release|Any CPU
		{7A3ED495-C7CE-4299-B36D-7BD3218A90E5}.Release|x86.ActiveCfg = Release|Any CPU
		{7A3ED495-C7CE-4299-B36D-7BD3218A90E5}.Release|x86.Build.0 = Release|Any CPU
		{C6A78017-2CA3-411E-8635-4350A37E4909}.Debug|Any CPU.ActiveCfg = Debug|Any CPU
		{C6A78017-2CA3-411E-8635-4350A37E4909}.Debug|Any CPU.Build.0 = Debug|Any CPU
		{C6A78017-2CA3-411E-8635-4350A37E4909}.Debug|x64.ActiveCfg = Debug|Any CPU
		{C6A78017-2CA3-411E-8635-4350A37E4909}.Debug|x64.Build.0 = Debug|Any CPU
		{C6A78017-2CA3-411E-8635-4350A37E4909}.Debug|x86.ActiveCfg = Debug|Any CPU
		{C6A78017-2CA3-411E-8635-4350A37E4909}.Debug|x86.Build.0 = Debug|Any CPU
		{C6A78017-2CA3-411E-8635-4350A37E4909}.Release|Any CPU.ActiveCfg = Release|Any CPU
		{C6A78017-2CA3-411E-8635-4350A37E4909}.Release|Any CPU.Build.0 = Release|Any CPU
		{C6A78017-2CA3-411E-8635-4350A37E4909}.Release|x64.ActiveCfg = Release|Any CPU
		{C6A78017-2CA3-411E-8635-4350A37E4909}.Release|x64.Build.0 = Release|Any CPU
		{C6A78017-2CA3-411E-8635-4350A37E4909}.Release|x86.ActiveCfg = Release|Any CPU
		{C6A78017-2CA3-411E-8635-4350A37E4909}.Release|x86.Build.0 = Release|Any CPU
		{7E37B3B1-81C4-4716-B202-C7B385308A95}.Debug|Any CPU.ActiveCfg = Debug|Any CPU
		{7E37B3B1-81C4-4716-B202-C7B385308A95}.Debug|Any CPU.Build.0 = Debug|Any CPU
		{7E37B3B1-81C4-4716-B202-C7B385308A95}.Debug|x64.ActiveCfg = Debug|Any CPU
		{7E37B3B1-81C4-4716-B202-C7B385308A95}.Debug|x64.Build.0 = Debug|Any CPU
		{7E37B3B1-81C4-4716-B202-C7B385308A95}.Debug|x86.ActiveCfg = Debug|Any CPU
		{7E37B3B1-81C4-4716-B202-C7B385308A95}.Debug|x86.Build.0 = Debug|Any CPU
		{7E37B3B1-81C4-4716-B202-C7B385308A95}.Release|Any CPU.ActiveCfg = Release|Any CPU
		{7E37B3B1-81C4-4716-B202-C7B385308A95}.Release|Any CPU.Build.0 = Release|Any CPU
		{7E37B3B1-81C4-4716-B202-C7B385308A95}.Release|x64.ActiveCfg = Release|Any CPU
		{7E37B3B1-81C4-4716-B202-C7B385308A95}.Release|x64.Build.0 = Release|Any CPU
		{7E37B3B1-81C4-4716-B202-C7B385308A95}.Release|x86.ActiveCfg = Release|Any CPU
		{7E37B3B1-81C4-4716-B202-C7B385308A95}.Release|x86.Build.0 = Release|Any CPU
	EndGlobalSection
	GlobalSection(SolutionProperties) = preSolution
		HideSolutionNode = FALSE
	EndGlobalSection
	GlobalSection(NestedProjects) = preSolution
		{AD2A5A3B-A595-3E96-334A-002D08FE630C} = {827E0CD3-B72D-47B6-A68D-7590B98EB39B}
		{2189A498-617C-33C0-D940-5BEDBCEE5B6F} = {AD2A5A3B-A595-3E96-334A-002D08FE630C}
		{7A3ED495-C7CE-4299-B36D-7BD3218A90E5} = {2189A498-617C-33C0-D940-5BEDBCEE5B6F}
		{06DD6DD3-CE23-A44D-009A-A080EDA26B3F} = {AD2A5A3B-A595-3E96-334A-002D08FE630C}
		{C6A78017-2CA3-411E-8635-4350A37E4909} = {06DD6DD3-CE23-A44D-009A-A080EDA26B3F}
		{9048EB7F-3875-A59E-E36B-5BD4C6F2A282} = {827E0CD3-B72D-47B6-A68D-7590B98EB39B}
		{3084031A-B2B8-0E16-F1A5-96C650FD4657} = {9048EB7F-3875-A59E-E36B-5BD4C6F2A282}
		{7E37B3B1-81C4-4716-B202-C7B385308A95} = {3084031A-B2B8-0E16-F1A5-96C650FD4657}
	EndGlobalSection
	GlobalSection(ExtensibilityGlobals) = postSolution
		SolutionGuid = {87D41146-020F-4F29-84BB-6987D06A6AC7}
	EndGlobalSection
EndGlobal
